// !$*UTF8*$!
{
	archiveVersion = 1;
	classes = {
	};
	objectVersion = 46;
	objects = {

/* Begin PBXBuildFile section */
		F07593F7182623AF00D1CA9D /* Cocoa.framework in Frameworks */ = {isa = PBXBuildFile; fileRef = F07593F6182623AF00D1CA9D /* Cocoa.framework */; };
		F0759401182623AF00D1CA9D /* InfoPlist.strings in Resources */ = {isa = PBXBuildFile; fileRef = F07593FF182623AF00D1CA9D /* InfoPlist.strings */; };
		F0759403182623AF00D1CA9D /* main.m in Sources */ = {isa = PBXBuildFile; fileRef = F0759402182623AF00D1CA9D /* main.m */; };
		F0759407182623AF00D1CA9D /* Credits.rtf in Resources */ = {isa = PBXBuildFile; fileRef = F0759405182623AF00D1CA9D /* Credits.rtf */; };
		F075940A182623AF00D1CA9D /* AppDelegate.m in Sources */ = {isa = PBXBuildFile; fileRef = F0759409182623AF00D1CA9D /* AppDelegate.m */; };
		F0759410182623AF00D1CA9D /* flickerBackupTool.xcdatamodeld in Sources */ = {isa = PBXBuildFile; fileRef = F075940E182623AF00D1CA9D /* flickerBackupTool.xcdatamodeld */; };
		F0759412182623AF00D1CA9D /* Images.xcassets in Resources */ = {isa = PBXBuildFile; fileRef = F0759411182623AF00D1CA9D /* Images.xcassets */; };
		F0759419182623AF00D1CA9D /* XCTest.framework in Frameworks */ = {isa = PBXBuildFile; fileRef = F0759418182623AF00D1CA9D /* XCTest.framework */; };
		F075941A182623AF00D1CA9D /* Cocoa.framework in Frameworks */ = {isa = PBXBuildFile; fileRef = F07593F6182623AF00D1CA9D /* Cocoa.framework */; };
		F0759422182623AF00D1CA9D /* InfoPlist.strings in Resources */ = {isa = PBXBuildFile; fileRef = F0759420182623AF00D1CA9D /* InfoPlist.strings */; };
		F0759424182623AF00D1CA9D /* flickerBackupToolTests.m in Sources */ = {isa = PBXBuildFile; fileRef = F0759423182623AF00D1CA9D /* flickerBackupToolTests.m */; };
		F075942F182624D400D1CA9D /* FlickerController.m in Sources */ = {isa = PBXBuildFile; fileRef = F075942E182624D400D1CA9D /* FlickerController.m */; };
		F0838FDE1826372200CA9CF5 /* ObjectiveFlickr.bridgesupport in Resources */ = {isa = PBXBuildFile; fileRef = F0838F571826372100CA9CF5 /* ObjectiveFlickr.bridgesupport */; };
		F083900B1826372200CA9CF5 /* ObjectiveFlickr-Info.plist in Resources */ = {isa = PBXBuildFile; fileRef = F0838FD01826372200CA9CF5 /* ObjectiveFlickr-Info.plist */; };
		F083900C1826372200CA9CF5 /* README.markdown in Resources */ = {isa = PBXBuildFile; fileRef = F0838FD41826372200CA9CF5 /* README.markdown */; };
		F0839033182639AF00CA9CF5 /* ObjectiveFlickr.framework in Frameworks */ = {isa = PBXBuildFile; fileRef = F083901B1826372300CA9CF5 /* ObjectiveFlickr.framework */; };
		F08390351826400200CA9CF5 /* ObjectiveFlickr.framework in Copy Files */ = {isa = PBXBuildFile; fileRef = F083901B1826372300CA9CF5 /* ObjectiveFlickr.framework */; };
		F0CD924A182646900038AFCE /* SystemConfiguration.framework in Frameworks */ = {isa = PBXBuildFile; fileRef = F0CD9249182646900038AFCE /* SystemConfiguration.framework */; };
		F0CD924B1826479B0038AFCE /* MainMenu.xib in Resources */ = {isa = PBXBuildFile; fileRef = F075940B182623AF00D1CA9D /* MainMenu.xib */; };
/* End PBXBuildFile section */

/* Begin PBXContainerItemProxy section */
		F075941B182623AF00D1CA9D /* PBXContainerItemProxy */ = {
			isa = PBXContainerItemProxy;
			containerPortal = F07593EB182623AF00D1CA9D /* Project object */;
			proxyType = 1;
			remoteGlobalIDString = F07593F2182623AF00D1CA9D;
			remoteInfo = flickerBackupTool;
		};
		F083901A1826372300CA9CF5 /* PBXContainerItemProxy */ = {
			isa = PBXContainerItemProxy;
			containerPortal = F0838FD11826372200CA9CF5 /* ObjectiveFlickr.xcodeproj */;
			proxyType = 2;
			remoteGlobalIDString = 6A8666490F9593B200325E1C;
			remoteInfo = "ObjectiveFlickr (framework)";
		};
		F083901C1826372300CA9CF5 /* PBXContainerItemProxy */ = {
			isa = PBXContainerItemProxy;
			containerPortal = F0838FD11826372200CA9CF5 /* ObjectiveFlickr.xcodeproj */;
			proxyType = 2;
			remoteGlobalIDString = 6ABF72E60F939BE600B9179E;
			remoteInfo = "ObjectiveFlickr (library)";
		};
		F08390311826398900CA9CF5 /* PBXContainerItemProxy */ = {
			isa = PBXContainerItemProxy;
			containerPortal = F0838FD11826372200CA9CF5 /* ObjectiveFlickr.xcodeproj */;
			proxyType = 1;
			remoteGlobalIDString = 6A8666480F9593B200325E1C;
			remoteInfo = "ObjectiveFlickr (framework)";
		};
/* End PBXContainerItemProxy section */

/* Begin PBXCopyFilesBuildPhase section */
		F083903418263FC000CA9CF5 /* Copy Files */ = {
			isa = PBXCopyFilesBuildPhase;
			buildActionMask = 2147483647;
			dstPath = "";
			dstSubfolderSpec = 10;
			files = (
				F08390351826400200CA9CF5 /* ObjectiveFlickr.framework in Copy Files */,
			);
			name = "Copy Files";
			runOnlyForDeploymentPostprocessing = 0;
		};
/* End PBXCopyFilesBuildPhase section */

/* Begin PBXFileReference section */
		F07593F3182623AF00D1CA9D /* flickerBackupTool.app */ = {isa = PBXFileReference; explicitFileType = wrapper.application; includeInIndex = 0; path = flickerBackupTool.app; sourceTree = BUILT_PRODUCTS_DIR; };
		F07593F6182623AF00D1CA9D /* Cocoa.framework */ = {isa = PBXFileReference; lastKnownFileType = wrapper.framework; name = Cocoa.framework; path = System/Library/Frameworks/Cocoa.framework; sourceTree = SDKROOT; };
		F07593F9182623AF00D1CA9D /* AppKit.framework */ = {isa = PBXFileReference; lastKnownFileType = wrapper.framework; name = AppKit.framework; path = System/Library/Frameworks/AppKit.framework; sourceTree = SDKROOT; };
		F07593FA182623AF00D1CA9D /* CoreData.framework */ = {isa = PBXFileReference; lastKnownFileType = wrapper.framework; name = CoreData.framework; path = System/Library/Frameworks/CoreData.framework; sourceTree = SDKROOT; };
		F07593FB182623AF00D1CA9D /* Foundation.framework */ = {isa = PBXFileReference; lastKnownFileType = wrapper.framework; name = Foundation.framework; path = System/Library/Frameworks/Foundation.framework; sourceTree = SDKROOT; };
		F07593FE182623AF00D1CA9D /* flickerBackupTool-Info.plist */ = {isa = PBXFileReference; lastKnownFileType = text.plist.xml; path = "flickerBackupTool-Info.plist"; sourceTree = "<group>"; };
		F0759400182623AF00D1CA9D /* en */ = {isa = PBXFileReference; lastKnownFileType = text.plist.strings; name = en; path = en.lproj/InfoPlist.strings; sourceTree = "<group>"; };
		F0759402182623AF00D1CA9D /* main.m */ = {isa = PBXFileReference; lastKnownFileType = sourcecode.c.objc; path = main.m; sourceTree = "<group>"; };
		F0759404182623AF00D1CA9D /* flickerBackupTool-Prefix.pch */ = {isa = PBXFileReference; lastKnownFileType = sourcecode.c.h; path = "flickerBackupTool-Prefix.pch"; sourceTree = "<group>"; };
		F0759406182623AF00D1CA9D /* en */ = {isa = PBXFileReference; lastKnownFileType = text.rtf; name = en; path = en.lproj/Credits.rtf; sourceTree = "<group>"; };
		F0759408182623AF00D1CA9D /* AppDelegate.h */ = {isa = PBXFileReference; lastKnownFileType = sourcecode.c.h; path = AppDelegate.h; sourceTree = "<group>"; };
		F0759409182623AF00D1CA9D /* AppDelegate.m */ = {isa = PBXFileReference; lastKnownFileType = sourcecode.c.objc; path = AppDelegate.m; sourceTree = "<group>"; };
		F075940C182623AF00D1CA9D /* Base */ = {isa = PBXFileReference; lastKnownFileType = file.xib; name = Base; path = Base.lproj/MainMenu.xib; sourceTree = "<group>"; };
		F075940F182623AF00D1CA9D /* flickerBackupTool.xcdatamodel */ = {isa = PBXFileReference; lastKnownFileType = wrapper.xcdatamodel; path = flickerBackupTool.xcdatamodel; sourceTree = "<group>"; };
		F0759411182623AF00D1CA9D /* Images.xcassets */ = {isa = PBXFileReference; lastKnownFileType = folder.assetcatalog; path = Images.xcassets; sourceTree = "<group>"; };
		F0759417182623AF00D1CA9D /* flickerBackupToolTests.xctest */ = {isa = PBXFileReference; explicitFileType = wrapper.cfbundle; includeInIndex = 0; path = flickerBackupToolTests.xctest; sourceTree = BUILT_PRODUCTS_DIR; };
		F0759418182623AF00D1CA9D /* XCTest.framework */ = {isa = PBXFileReference; lastKnownFileType = wrapper.framework; name = XCTest.framework; path = Library/Frameworks/XCTest.framework; sourceTree = DEVELOPER_DIR; };
		F075941F182623AF00D1CA9D /* flickerBackupToolTests-Info.plist */ = {isa = PBXFileReference; lastKnownFileType = text.plist.xml; path = "flickerBackupToolTests-Info.plist"; sourceTree = "<group>"; };
		F0759421182623AF00D1CA9D /* en */ = {isa = PBXFileReference; lastKnownFileType = text.plist.strings; name = en; path = en.lproj/InfoPlist.strings; sourceTree = "<group>"; };
		F0759423182623AF00D1CA9D /* flickerBackupToolTests.m */ = {isa = PBXFileReference; lastKnownFileType = sourcecode.c.objc; path = flickerBackupToolTests.m; sourceTree = "<group>"; };
		F075942D182624D400D1CA9D /* FlickerController.h */ = {isa = PBXFileReference; fileEncoding = 4; lastKnownFileType = sourcecode.c.h; path = FlickerController.h; sourceTree = "<group>"; };
		F075942E182624D400D1CA9D /* FlickerController.m */ = {isa = PBXFileReference; fileEncoding = 4; lastKnownFileType = sourcecode.c.objc; path = FlickerController.m; sourceTree = "<group>"; };
		F0838F551826372100CA9CF5 /* .gitignore */ = {isa = PBXFileReference; fileEncoding = 4; lastKnownFileType = text; path = .gitignore; sourceTree = "<group>"; };
		F0838F571826372100CA9CF5 /* ObjectiveFlickr.bridgesupport */ = {isa = PBXFileReference; fileEncoding = 4; lastKnownFileType = text.xml; path = ObjectiveFlickr.bridgesupport; sourceTree = "<group>"; };
		F0838F8F1826372100CA9CF5 /* LFHTTPRequest.h */ = {isa = PBXFileReference; fileEncoding = 4; lastKnownFileType = sourcecode.c.h; path = LFHTTPRequest.h; sourceTree = "<group>"; };
		F0838F901826372100CA9CF5 /* LFHTTPRequest.m */ = {isa = PBXFileReference; fileEncoding = 4; lastKnownFileType = sourcecode.c.objc; path = LFHTTPRequest.m; sourceTree = "<group>"; };
		F0838F911826372100CA9CF5 /* LFSiteReachability.h */ = {isa = PBXFileReference; fileEncoding = 4; lastKnownFileType = sourcecode.c.h; path = LFSiteReachability.h; sourceTree = "<group>"; };
		F0838F921826372100CA9CF5 /* LFSiteReachability.m */ = {isa = PBXFileReference; fileEncoding = 4; lastKnownFileType = sourcecode.c.objc; path = LFSiteReachability.m; sourceTree = "<group>"; };
		F0838F931826372100CA9CF5 /* LFWebAPIKit.h */ = {isa = PBXFileReference; fileEncoding = 4; lastKnownFileType = sourcecode.c.h; path = LFWebAPIKit.h; sourceTree = "<group>"; };
		F0838F941826372100CA9CF5 /* NSData+LFHTTPFormExtensions.h */ = {isa = PBXFileReference; fileEncoding = 4; lastKnownFileType = sourcecode.c.h; path = "NSData+LFHTTPFormExtensions.h"; sourceTree = "<group>"; };
		F0838F951826372100CA9CF5 /* NSData+LFHTTPFormExtensions.m */ = {isa = PBXFileReference; fileEncoding = 4; lastKnownFileType = sourcecode.c.objc; path = "NSData+LFHTTPFormExtensions.m"; sourceTree = "<group>"; };
		F0838FD01826372200CA9CF5 /* ObjectiveFlickr-Info.plist */ = {isa = PBXFileReference; fileEncoding = 4; lastKnownFileType = text.plist.xml; path = "ObjectiveFlickr-Info.plist"; sourceTree = "<group>"; };
		F0838FD11826372200CA9CF5 /* ObjectiveFlickr.xcodeproj */ = {isa = PBXFileReference; lastKnownFileType = "wrapper.pb-project"; path = ObjectiveFlickr.xcodeproj; sourceTree = "<group>"; };
		F0838FD41826372200CA9CF5 /* README.markdown */ = {isa = PBXFileReference; fileEncoding = 4; lastKnownFileType = text; path = README.markdown; sourceTree = "<group>"; };
		F0838FD71826372200CA9CF5 /* ObjectiveFlickr.h */ = {isa = PBXFileReference; fileEncoding = 4; lastKnownFileType = sourcecode.c.h; path = ObjectiveFlickr.h; sourceTree = "<group>"; };
		F0838FD81826372200CA9CF5 /* ObjectiveFlickr.m */ = {isa = PBXFileReference; fileEncoding = 4; lastKnownFileType = sourcecode.c.objc; path = ObjectiveFlickr.m; sourceTree = "<group>"; };
		F0838FD91826372200CA9CF5 /* OFUtilities.h */ = {isa = PBXFileReference; fileEncoding = 4; lastKnownFileType = sourcecode.c.h; path = OFUtilities.h; sourceTree = "<group>"; };
		F0838FDA1826372200CA9CF5 /* OFUtilities.m */ = {isa = PBXFileReference; fileEncoding = 4; lastKnownFileType = sourcecode.c.objc; path = OFUtilities.m; sourceTree = "<group>"; };
		F0838FDB1826372200CA9CF5 /* OFXMLMapper.h */ = {isa = PBXFileReference; fileEncoding = 4; lastKnownFileType = sourcecode.c.h; path = OFXMLMapper.h; sourceTree = "<group>"; };
		F0838FDC1826372200CA9CF5 /* OFXMLMapper.m */ = {isa = PBXFileReference; fileEncoding = 4; lastKnownFileType = sourcecode.c.objc; path = OFXMLMapper.m; sourceTree = "<group>"; };
		F0CD9249182646900038AFCE /* SystemConfiguration.framework */ = {isa = PBXFileReference; lastKnownFileType = wrapper.framework; name = SystemConfiguration.framework; path = System/Library/Frameworks/SystemConfiguration.framework; sourceTree = SDKROOT; };
/* End PBXFileReference section */

/* Begin PBXFrameworksBuildPhase section */
		F07593F0182623AF00D1CA9D /* Frameworks */ = {
			isa = PBXFrameworksBuildPhase;
			buildActionMask = 2147483647;
			files = (
				F0CD924A182646900038AFCE /* SystemConfiguration.framework in Frameworks */,
				F0839033182639AF00CA9CF5 /* ObjectiveFlickr.framework in Frameworks */,
				F07593F7182623AF00D1CA9D /* Cocoa.framework in Frameworks */,
			);
			runOnlyForDeploymentPostprocessing = 0;
		};
		F0759414182623AF00D1CA9D /* Frameworks */ = {
			isa = PBXFrameworksBuildPhase;
			buildActionMask = 2147483647;
			files = (
				F075941A182623AF00D1CA9D /* Cocoa.framework in Frameworks */,
				F0759419182623AF00D1CA9D /* XCTest.framework in Frameworks */,
			);
			runOnlyForDeploymentPostprocessing = 0;
		};
/* End PBXFrameworksBuildPhase section */

/* Begin PBXGroup section */
		F07593EA182623AF00D1CA9D = {
			isa = PBXGroup;
			children = (
				F07593FC182623AF00D1CA9D /* flickerBackupTool */,
				F075941D182623AF00D1CA9D /* flickerBackupToolTests */,
				F07593F5182623AF00D1CA9D /* Frameworks */,
				F07593F4182623AF00D1CA9D /* Products */,
			);
			sourceTree = "<group>";
		};
		F07593F4182623AF00D1CA9D /* Products */ = {
			isa = PBXGroup;
			children = (
				F07593F3182623AF00D1CA9D /* flickerBackupTool.app */,
				F0759417182623AF00D1CA9D /* flickerBackupToolTests.xctest */,
			);
			name = Products;
			sourceTree = "<group>";
		};
		F07593F5182623AF00D1CA9D /* Frameworks */ = {
			isa = PBXGroup;
			children = (
				F0CD9249182646900038AFCE /* SystemConfiguration.framework */,
				F07593F6182623AF00D1CA9D /* Cocoa.framework */,
				F0759418182623AF00D1CA9D /* XCTest.framework */,
				F07593F8182623AF00D1CA9D /* Other Frameworks */,
			);
			name = Frameworks;
			sourceTree = "<group>";
		};
		F07593F8182623AF00D1CA9D /* Other Frameworks */ = {
			isa = PBXGroup;
			children = (
				F07593F9182623AF00D1CA9D /* AppKit.framework */,
				F07593FA182623AF00D1CA9D /* CoreData.framework */,
				F07593FB182623AF00D1CA9D /* Foundation.framework */,
			);
			name = "Other Frameworks";
			sourceTree = "<group>";
		};
		F07593FC182623AF00D1CA9D /* flickerBackupTool */ = {
			isa = PBXGroup;
			children = (
				F0838F53182636FA00CA9CF5 /* Externals */,
				F0759408182623AF00D1CA9D /* AppDelegate.h */,
				F0759409182623AF00D1CA9D /* AppDelegate.m */,
				F075942D182624D400D1CA9D /* FlickerController.h */,
				F075942E182624D400D1CA9D /* FlickerController.m */,
				F075940B182623AF00D1CA9D /* MainMenu.xib */,
				F0759411182623AF00D1CA9D /* Images.xcassets */,
				F075940E182623AF00D1CA9D /* flickerBackupTool.xcdatamodeld */,
				F07593FD182623AF00D1CA9D /* Supporting Files */,
			);
			path = flickerBackupTool;
			sourceTree = "<group>";
		};
		F07593FD182623AF00D1CA9D /* Supporting Files */ = {
			isa = PBXGroup;
			children = (
				F07593FE182623AF00D1CA9D /* flickerBackupTool-Info.plist */,
				F07593FF182623AF00D1CA9D /* InfoPlist.strings */,
				F0759402182623AF00D1CA9D /* main.m */,
				F0759404182623AF00D1CA9D /* flickerBackupTool-Prefix.pch */,
				F0759405182623AF00D1CA9D /* Credits.rtf */,
			);
			name = "Supporting Files";
			sourceTree = "<group>";
		};
		F075941D182623AF00D1CA9D /* flickerBackupToolTests */ = {
			isa = PBXGroup;
			children = (
				F0759423182623AF00D1CA9D /* flickerBackupToolTests.m */,
				F075941E182623AF00D1CA9D /* Supporting Files */,
			);
			path = flickerBackupToolTests;
			sourceTree = "<group>";
		};
		F075941E182623AF00D1CA9D /* Supporting Files */ = {
			isa = PBXGroup;
			children = (
				F075941F182623AF00D1CA9D /* flickerBackupToolTests-Info.plist */,
				F0759420182623AF00D1CA9D /* InfoPlist.strings */,
			);
			name = "Supporting Files";
			sourceTree = "<group>";
		};
		F0838F53182636FA00CA9CF5 /* Externals */ = {
			isa = PBXGroup;
			children = (
				F0838F541826372100CA9CF5 /* objectiveflickr */,
			);
			name = Externals;
			sourceTree = "<group>";
		};
		F0838F541826372100CA9CF5 /* objectiveflickr */ = {
			isa = PBXGroup;
			children = (
				F0838F551826372100CA9CF5 /* .gitignore */,
				F0838F561826372100CA9CF5 /* BridgeSupport */,
				F0838F8E1826372100CA9CF5 /* LFWebAPIKit */,
				F0838FD01826372200CA9CF5 /* ObjectiveFlickr-Info.plist */,
				F0838FD11826372200CA9CF5 /* ObjectiveFlickr.xcodeproj */,
				F0838FD41826372200CA9CF5 /* README.markdown */,
				F0838FD61826372200CA9CF5 /* Source */,
			);
			path = objectiveflickr;
			sourceTree = "<group>";
		};
		F0838F561826372100CA9CF5 /* BridgeSupport */ = {
			isa = PBXGroup;
			children = (
				F0838F571826372100CA9CF5 /* ObjectiveFlickr.bridgesupport */,
			);
			path = BridgeSupport;
			sourceTree = "<group>";
		};
		F0838F8E1826372100CA9CF5 /* LFWebAPIKit */ = {
			isa = PBXGroup;
			children = (
				F0838F8F1826372100CA9CF5 /* LFHTTPRequest.h */,
				F0838F901826372100CA9CF5 /* LFHTTPRequest.m */,
				F0838F911826372100CA9CF5 /* LFSiteReachability.h */,
				F0838F921826372100CA9CF5 /* LFSiteReachability.m */,
				F0838F931826372100CA9CF5 /* LFWebAPIKit.h */,
				F0838F941826372100CA9CF5 /* NSData+LFHTTPFormExtensions.h */,
				F0838F951826372100CA9CF5 /* NSData+LFHTTPFormExtensions.m */,
			);
			path = LFWebAPIKit;
			sourceTree = "<group>";
		};
		F0838FD21826372200CA9CF5 /* Products */ = {
			isa = PBXGroup;
			children = (
				F083901B1826372300CA9CF5 /* ObjectiveFlickr.framework */,
				F083901D1826372300CA9CF5 /* libObjectiveFlickr.a */,
			);
			name = Products;
			sourceTree = "<group>";
		};
		F0838FD61826372200CA9CF5 /* Source */ = {
			isa = PBXGroup;
			children = (
				F0838FD71826372200CA9CF5 /* ObjectiveFlickr.h */,
				F0838FD81826372200CA9CF5 /* ObjectiveFlickr.m */,
				F0838FD91826372200CA9CF5 /* OFUtilities.h */,
				F0838FDA1826372200CA9CF5 /* OFUtilities.m */,
				F0838FDB1826372200CA9CF5 /* OFXMLMapper.h */,
				F0838FDC1826372200CA9CF5 /* OFXMLMapper.m */,
			);
			path = Source;
			sourceTree = "<group>";
		};
/* End PBXGroup section */

/* Begin PBXNativeTarget section */
		F07593F2182623AF00D1CA9D /* flickerBackupTool */ = {
			isa = PBXNativeTarget;
			buildConfigurationList = F0759427182623AF00D1CA9D /* Build configuration list for PBXNativeTarget "flickerBackupTool" */;
			buildPhases = (
				F07593EF182623AF00D1CA9D /* Sources */,
				F07593F0182623AF00D1CA9D /* Frameworks */,
				F07593F1182623AF00D1CA9D /* Resources */,
				F083903418263FC000CA9CF5 /* Copy Files */,
			);
			buildRules = (
			);
			dependencies = (
				F08390321826398900CA9CF5 /* PBXTargetDependency */,
			);
			name = flickerBackupTool;
			productName = flickerBackupTool;
			productReference = F07593F3182623AF00D1CA9D /* flickerBackupTool.app */;
			productType = "com.apple.product-type.application";
		};
		F0759416182623AF00D1CA9D /* flickerBackupToolTests */ = {
			isa = PBXNativeTarget;
			buildConfigurationList = F075942A182623AF00D1CA9D /* Build configuration list for PBXNativeTarget "flickerBackupToolTests" */;
			buildPhases = (
				F0759413182623AF00D1CA9D /* Sources */,
				F0759414182623AF00D1CA9D /* Frameworks */,
				F0759415182623AF00D1CA9D /* Resources */,
			);
			buildRules = (
			);
			dependencies = (
				F075941C182623AF00D1CA9D /* PBXTargetDependency */,
			);
			name = flickerBackupToolTests;
			productName = flickerBackupToolTests;
			productReference = F0759417182623AF00D1CA9D /* flickerBackupToolTests.xctest */;
			productType = "com.apple.product-type.bundle.unit-test";
		};
/* End PBXNativeTarget section */

/* Begin PBXProject section */
		F07593EB182623AF00D1CA9D /* Project object */ = {
			isa = PBXProject;
			attributes = {
				LastUpgradeCheck = 0500;
				ORGANIZATIONNAME = "Lu Jason";
				TargetAttributes = {
					F0759416182623AF00D1CA9D = {
						TestTargetID = F07593F2182623AF00D1CA9D;
					};
				};
			};
			buildConfigurationList = F07593EE182623AF00D1CA9D /* Build configuration list for PBXProject "flickerBackupTool" */;
			compatibilityVersion = "Xcode 3.2";
			developmentRegion = English;
			hasScannedForEncodings = 0;
			knownRegions = (
				en,
				Base,
				English,
			);
			mainGroup = F07593EA182623AF00D1CA9D;
			productRefGroup = F07593F4182623AF00D1CA9D /* Products */;
			projectDirPath = "";
			projectReferences = (
				{
					ProductGroup = F0838FD21826372200CA9CF5 /* Products */;
					ProjectRef = F0838FD11826372200CA9CF5 /* ObjectiveFlickr.xcodeproj */;
				},
			);
			projectRoot = "";
			targets = (
				F07593F2182623AF00D1CA9D /* flickerBackupTool */,
				F0759416182623AF00D1CA9D /* flickerBackupToolTests */,
			);
		};
/* End PBXProject section */

/* Begin PBXReferenceProxy section */
		F083901B1826372300CA9CF5 /* ObjectiveFlickr.framework */ = {
			isa = PBXReferenceProxy;
			fileType = wrapper.framework;
			path = ObjectiveFlickr.framework;
			remoteRef = F083901A1826372300CA9CF5 /* PBXContainerItemProxy */;
			sourceTree = BUILT_PRODUCTS_DIR;
		};
		F083901D1826372300CA9CF5 /* libObjectiveFlickr.a */ = {
			isa = PBXReferenceProxy;
			fileType = archive.ar;
			path = libObjectiveFlickr.a;
			remoteRef = F083901C1826372300CA9CF5 /* PBXContainerItemProxy */;
			sourceTree = BUILT_PRODUCTS_DIR;
		};
/* End PBXReferenceProxy section */

/* Begin PBXResourcesBuildPhase section */
		F07593F1182623AF00D1CA9D /* Resources */ = {
			isa = PBXResourcesBuildPhase;
			buildActionMask = 2147483647;
			files = (
				F0759401182623AF00D1CA9D /* InfoPlist.strings in Resources */,
				F0838FDE1826372200CA9CF5 /* ObjectiveFlickr.bridgesupport in Resources */,
				F0759412182623AF00D1CA9D /* Images.xcassets in Resources */,
				F0CD924B1826479B0038AFCE /* MainMenu.xib in Resources */,
				F0759407182623AF00D1CA9D /* Credits.rtf in Resources */,
				F083900B1826372200CA9CF5 /* ObjectiveFlickr-Info.plist in Resources */,
				F083900C1826372200CA9CF5 /* README.markdown in Resources */,
			);
			runOnlyForDeploymentPostprocessing = 0;
		};
		F0759415182623AF00D1CA9D /* Resources */ = {
			isa = PBXResourcesBuildPhase;
			buildActionMask = 2147483647;
			files = (
				F0759422182623AF00D1CA9D /* InfoPlist.strings in Resources */,
			);
			runOnlyForDeploymentPostprocessing = 0;
		};
/* End PBXResourcesBuildPhase section */

/* Begin PBXSourcesBuildPhase section */
		F07593EF182623AF00D1CA9D /* Sources */ = {
			isa = PBXSourcesBuildPhase;
			buildActionMask = 2147483647;
			files = (
				F075940A182623AF00D1CA9D /* AppDelegate.m in Sources */,
				F0759410182623AF00D1CA9D /* flickerBackupTool.xcdatamodeld in Sources */,
				F075942F182624D400D1CA9D /* FlickerController.m in Sources */,
				F0759403182623AF00D1CA9D /* main.m in Sources */,
			);
			runOnlyForDeploymentPostprocessing = 0;
		};
		F0759413182623AF00D1CA9D /* Sources */ = {
			isa = PBXSourcesBuildPhase;
			buildActionMask = 2147483647;
			files = (
				F0759424182623AF00D1CA9D /* flickerBackupToolTests.m in Sources */,
			);
			runOnlyForDeploymentPostprocessing = 0;
		};
/* End PBXSourcesBuildPhase section */

/* Begin PBXTargetDependency section */
		F075941C182623AF00D1CA9D /* PBXTargetDependency */ = {
			isa = PBXTargetDependency;
			target = F07593F2182623AF00D1CA9D /* flickerBackupTool */;
			targetProxy = F075941B182623AF00D1CA9D /* PBXContainerItemProxy */;
		};
		F08390321826398900CA9CF5 /* PBXTargetDependency */ = {
			isa = PBXTargetDependency;
			name = "ObjectiveFlickr (framework)";
			targetProxy = F08390311826398900CA9CF5 /* PBXContainerItemProxy */;
		};
/* End PBXTargetDependency section */

/* Begin PBXVariantGroup section */
		F07593FF182623AF00D1CA9D /* InfoPlist.strings */ = {
			isa = PBXVariantGroup;
			children = (
				F0759400182623AF00D1CA9D /* en */,
			);
			name = InfoPlist.strings;
			sourceTree = "<group>";
		};
		F0759405182623AF00D1CA9D /* Credits.rtf */ = {
			isa = PBXVariantGroup;
			children = (
				F0759406182623AF00D1CA9D /* en */,
			);
			name = Credits.rtf;
			sourceTree = "<group>";
		};
		F075940B182623AF00D1CA9D /* MainMenu.xib */ = {
			isa = PBXVariantGroup;
			children = (
				F075940C182623AF00D1CA9D /* Base */,
			);
			name = MainMenu.xib;
			sourceTree = "<group>";
		};
		F0759420182623AF00D1CA9D /* InfoPlist.strings */ = {
			isa = PBXVariantGroup;
			children = (
				F0759421182623AF00D1CA9D /* en */,
			);
			name = InfoPlist.strings;
			sourceTree = "<group>";
		};
/* End PBXVariantGroup section */

/* Begin XCBuildConfiguration section */
		F0759425182623AF00D1CA9D /* Debug */ = {
			isa = XCBuildConfiguration;
			buildSettings = {
				ALWAYS_SEARCH_USER_PATHS = NO;
				CLANG_CXX_LANGUAGE_STANDARD = "gnu++0x";
				CLANG_CXX_LIBRARY = "libc++";
				CLANG_ENABLE_OBJC_ARC = YES;
				CLANG_WARN_BOOL_CONVERSION = YES;
				CLANG_WARN_CONSTANT_CONVERSION = YES;
				CLANG_WARN_DIRECT_OBJC_ISA_USAGE = YES_ERROR;
				CLANG_WARN_EMPTY_BODY = YES;
				CLANG_WARN_ENUM_CONVERSION = YES;
				CLANG_WARN_INT_CONVERSION = YES;
				CLANG_WARN_OBJC_ROOT_CLASS = YES_ERROR;
				CLANG_WARN__DUPLICATE_METHOD_MATCH = YES;
				COPY_PHASE_STRIP = NO;
				GCC_C_LANGUAGE_STANDARD = gnu99;
				GCC_DYNAMIC_NO_PIC = NO;
				GCC_ENABLE_OBJC_EXCEPTIONS = YES;
				GCC_OPTIMIZATION_LEVEL = 0;
				GCC_PREPROCESSOR_DEFINITIONS = (
					"DEBUG=1",
					"$(inherited)",
				);
				GCC_SYMBOLS_PRIVATE_EXTERN = NO;
				GCC_WARN_64_TO_32_BIT_CONVERSION = YES;
				GCC_WARN_ABOUT_RETURN_TYPE = YES_ERROR;
				GCC_WARN_UNDECLARED_SELECTOR = YES;
				GCC_WARN_UNINITIALIZED_AUTOS = YES;
				GCC_WARN_UNUSED_FUNCTION = YES;
				GCC_WARN_UNUSED_VARIABLE = YES;
				MACOSX_DEPLOYMENT_TARGET = 10.9;
				ONLY_ACTIVE_ARCH = YES;
				SDKROOT = macosx;
			};
			name = Debug;
		};
		F0759426182623AF00D1CA9D /* Release */ = {
			isa = XCBuildConfiguration;
			buildSettings = {
				ALWAYS_SEARCH_USER_PATHS = NO;
				CLANG_CXX_LANGUAGE_STANDARD = "gnu++0x";
				CLANG_CXX_LIBRARY = "libc++";
				CLANG_ENABLE_OBJC_ARC = YES;
				CLANG_WARN_BOOL_CONVERSION = YES;
				CLANG_WARN_CONSTANT_CONVERSION = YES;
				CLANG_WARN_DIRECT_OBJC_ISA_USAGE = YES_ERROR;
				CLANG_WARN_EMPTY_BODY = YES;
				CLANG_WARN_ENUM_CONVERSION = YES;
				CLANG_WARN_INT_CONVERSION = YES;
				CLANG_WARN_OBJC_ROOT_CLASS = YES_ERROR;
				CLANG_WARN__DUPLICATE_METHOD_MATCH = YES;
				COPY_PHASE_STRIP = YES;
				DEBUG_INFORMATION_FORMAT = "dwarf-with-dsym";
				ENABLE_NS_ASSERTIONS = NO;
				GCC_C_LANGUAGE_STANDARD = gnu99;
				GCC_ENABLE_OBJC_EXCEPTIONS = YES;
				GCC_WARN_64_TO_32_BIT_CONVERSION = YES;
				GCC_WARN_ABOUT_RETURN_TYPE = YES_ERROR;
				GCC_WARN_UNDECLARED_SELECTOR = YES;
				GCC_WARN_UNINITIALIZED_AUTOS = YES;
				GCC_WARN_UNUSED_FUNCTION = YES;
				GCC_WARN_UNUSED_VARIABLE = YES;
				MACOSX_DEPLOYMENT_TARGET = 10.9;
				SDKROOT = macosx;
			};
			name = Release;
		};
		F0759428182623AF00D1CA9D /* Debug */ = {
			isa = XCBuildConfiguration;
			buildSettings = {
				ASSETCATALOG_COMPILER_APPICON_NAME = AppIcon;
				COMBINE_HIDPI_IMAGES = YES;
				FRAMEWORK_SEARCH_PATHS = "$(TARGET_BUILD_DIR)/$(FRAMEWORKS_FOLDER_PATH)";
				GCC_PRECOMPILE_PREFIX_HEADER = YES;
				GCC_PREFIX_HEADER = "flickerBackupTool/flickerBackupTool-Prefix.pch";
				INFOPLIST_FILE = "flickerBackupTool/flickerBackupTool-Info.plist";
				MACOSX_DEPLOYMENT_TARGET = 10.9;
				PRODUCT_NAME = "$(TARGET_NAME)";
				SDKROOT = macosx10.9;
				WRAPPER_EXTENSION = app;
			};
			name = Debug;
		};
		F0759429182623AF00D1CA9D /* Release */ = {
			isa = XCBuildConfiguration;
			buildSettings = {
				ASSETCATALOG_COMPILER_APPICON_NAME = AppIcon;
				COMBINE_HIDPI_IMAGES = YES;
				FRAMEWORK_SEARCH_PATHS = "$(TARGET_BUILD_DIR)/$(FRAMEWORKS_FOLDER_PATH)";
				GCC_PRECOMPILE_PREFIX_HEADER = YES;
				GCC_PREFIX_HEADER = "flickerBackupTool/flickerBackupTool-Prefix.pch";
				INFOPLIST_FILE = "flickerBackupTool/flickerBackupTool-Info.plist";
				MACOSX_DEPLOYMENT_TARGET = 10.9;
				PRODUCT_NAME = "$(TARGET_NAME)";
				SDKROOT = macosx10.9;
				WRAPPER_EXTENSION = app;
			};
			name = Release;
		};
		F075942B182623AF00D1CA9D /* Debug */ = {
			isa = XCBuildConfiguration;
			buildSettings = {
				BUNDLE_LOADER = "$(BUILT_PRODUCTS_DIR)/flickerBackupTool.app/Contents/MacOS/flickerBackupTool";
				COMBINE_HIDPI_IMAGES = YES;
				FRAMEWORK_SEARCH_PATHS = (
					"$(DEVELOPER_FRAMEWORKS_DIR)",
					"$(inherited)",
				);
				GCC_PRECOMPILE_PREFIX_HEADER = YES;
				GCC_PREFIX_HEADER = "flickerBackupTool/flickerBackupTool-Prefix.pch";
				GCC_PREPROCESSOR_DEFINITIONS = (
					"DEBUG=1",
					"$(inherited)",
				);
				INFOPLIST_FILE = "flickerBackupToolTests/flickerBackupToolTests-Info.plist";
				PRODUCT_NAME = "$(TARGET_NAME)";
				TEST_HOST = "$(BUNDLE_LOADER)";
				WRAPPER_EXTENSION = xctest;
			};
			name = Debug;
		};
		F075942C182623AF00D1CA9D /* Release */ = {
			isa = XCBuildConfiguration;
			buildSettings = {
				BUNDLE_LOADER = "$(BUILT_PRODUCTS_DIR)/flickerBackupTool.app/Contents/MacOS/flickerBackupTool";
				COMBINE_HIDPI_IMAGES = YES;
				FRAMEWORK_SEARCH_PATHS = (
					"$(DEVELOPER_FRAMEWORKS_DIR)",
					"$(inherited)",
				);
				GCC_PRECOMPILE_PREFIX_HEADER = YES;
				GCC_PREFIX_HEADER = "flickerBackupTool/flickerBackupTool-Prefix.pch";
				INFOPLIST_FILE = "flickerBackupToolTests/flickerBackupToolTests-Info.plist";
				PRODUCT_NAME = "$(TARGET_NAME)";
				TEST_HOST = "$(BUNDLE_LOADER)";
				WRAPPER_EXTENSION = xctest;
			};
			name = Release;
		};
/* End XCBuildConfiguration section */

/* Begin XCConfigurationList section */
		F07593EE182623AF00D1CA9D /* Build configuration list for PBXProject "flickerBackupTool" */ = {
			isa = XCConfigurationList;
			buildConfigurations = (
				F0759425182623AF00D1CA9D /* Debug */,
				F0759426182623AF00D1CA9D /* Release */,
			);
			defaultConfigurationIsVisible = 0;
			defaultConfigurationName = Release;
		};
		F0759427182623AF00D1CA9D /* Build configuration list for PBXNativeTarget "flickerBackupTool" */ = {
			isa = XCConfigurationList;
			buildConfigurations = (
				F0759428182623AF00D1CA9D /* Debug */,
				F0759429182623AF00D1CA9D /* Release */,
			);
			defaultConfigurationIsVisible = 0;
			defaultConfigurationName = Release;
		};
		F075942A182623AF00D1CA9D /* Build configuration list for PBXNativeTarget "flickerBackupToolTests" */ = {
			isa = XCConfigurationList;
			buildConfigurations = (
				F075942B182623AF00D1CA9D /* Debug */,
				F075942C182623AF00D1CA9D /* Release */,
			);
			defaultConfigurationIsVisible = 0;
			defaultConfigurationName = Release;
		};
/* End XCConfigurationList section */

/* Begin XCVersionGroup section */
		F075940E182623AF00D1CA9D /* flickerBackupTool.xcdatamodeld */ = {
			isa = XCVersionGroup;
			children = (
				F075940F182623AF00D1CA9D /* flickerBackupTool.xcdatamodel */,
			);
			currentVersion = F075940F182623AF00D1CA9D /* flickerBackupTool.xcdatamodel */;
			path = flickerBackupTool.xcdatamodeld;
			sourceTree = "<group>";
			versionGroupType = wrapper.xcdatamodel;
		};
/* End XCVersionGroup section */
	};
	rootObject = F07593EB182623AF00D1CA9D /* Project object */;
}
